
Microsoft Visual Studio Solution File, Format Version 12.00
# Visual Studio Version 17
VisualStudioVersion = 17.14.36408.4 d17.14
MinimumVisualStudioVersion = 10.0.40219.1
Project("{FAE04EC0-301F-11D3-BF4B-00C04F79EFBC}") = "eCommerce.SharedLibrary", "..\DemoECommerce.SharedLibrarySolution\eCommerce.SharedLibrary\eCommerce.SharedLibrary.csproj", "{037A0280-0D01-FF6F-6210-90E1ECB2528E}"
EndProject
Project("{FAE04EC0-301F-11D3-BF4B-00C04F79EFBC}") = "OrderApi.Application", "OrderApi.Application\OrderApi.Application.csproj", "{151FB15B-1B9A-4C58-8820-8FB132BFC49B}"
EndProject
Project("{FAE04EC0-301F-11D3-BF4B-00C04F79EFBC}") = "OrderApi.Domain", "ProductApi.Domain\OrderApi.Domain.csproj", "{7BCFAA7F-504E-42DD-9856-2CD728EA56ED}"
EndProject
Project("{FAE04EC0-301F-11D3-BF4B-00C04F79EFBC}") = "OrderApi.Infrastructure", "ProductApi.Infrastructure\OrderApi.Infrastructure.csproj", "{DF921407-E334-46B5-93D3-D0DB02197B29}"
EndProject
Project("{FAE04EC0-301F-11D3-BF4B-00C04F79EFBC}") = "OrderApi.Presentation", "OrderApi.Presentation\OrderApi.Presentation.csproj", "{3639CE14-2CF0-4AB9-A476-B67DBB7A7661}"
EndProject
Global
	GlobalSection(SolutionConfigurationPlatforms) = preSolution
		Debug|Any CPU = Debug|Any CPU
		Release|Any CPU = Release|Any CPU
	EndGlobalSection
	GlobalSection(ProjectConfigurationPlatforms) = postSolution
		{037A0280-0D01-FF6F-6210-90E1ECB2528E}.Debug|Any CPU.ActiveCfg = Debug|Any CPU
		{037A0280-0D01-FF6F-6210-90E1ECB2528E}.Debug|Any CPU.Build.0 = Debug|Any CPU
		{037A0280-0D01-FF6F-6210-90E1ECB2528E}.Release|Any CPU.ActiveCfg = Release|Any CPU
		{037A0280-0D01-FF6F-6210-90E1ECB2528E}.Release|Any CPU.Build.0 = Release|Any CPU
		{151FB15B-1B9A-4C58-8820-8FB132BFC49B}.Debug|Any CPU.ActiveCfg = Debug|Any CPU
		{151FB15B-1B9A-4C58-8820-8FB132BFC49B}.Debug|Any CPU.Build.0 = Debug|Any CPU
		{151FB15B-1B9A-4C58-8820-8FB132BFC49B}.Release|Any CPU.ActiveCfg = Release|Any CPU
		{151FB15B-1B9A-4C58-8820-8FB132BFC49B}.Release|Any CPU.Build.0 = Release|Any CPU
		{7BCFAA7F-504E-42DD-9856-2CD728EA56ED}.Debug|Any CPU.ActiveCfg = Debug|Any CPU
		{7BCFAA7F-504E-42DD-9856-2CD728EA56ED}.Debug|Any CPU.Build.0 = Debug|Any CPU
		{7BCFAA7F-504E-42DD-9856-2CD728EA56ED}.Release|Any CPU.ActiveCfg = Release|Any CPU
		{7BCFAA7F-504E-42DD-9856-2CD728EA56ED}.Release|Any CPU.Build.0 = Release|Any CPU
		{DF921407-E334-46B5-93D3-D0DB02197B29}.Debug|Any CPU.ActiveCfg = Debug|Any CPU
		{DF921407-E334-46B5-93D3-D0DB02197B29}.Debug|Any CPU.Build.0 = Debug|Any CPU
		{DF921407-E334-46B5-93D3-D0DB02197B29}.Release|Any CPU.ActiveCfg = Release|Any CPU
		{DF921407-E334-46B5-93D3-D0DB02197B29}.Release|Any CPU.Build.0 = Release|Any CPU
		{3639CE14-2CF0-4AB9-A476-B67DBB7A7661}.Debug|Any CPU.ActiveCfg = Debug|Any CPU
		{3639CE14-2CF0-4AB9-A476-B67DBB7A7661}.Debug|Any CPU.Build.0 = Debug|Any CPU
		{3639CE14-2CF0-4AB9-A476-B67DBB7A7661}.Release|Any CPU.ActiveCfg = Release|Any CPU
		{3639CE14-2CF0-4AB9-A476-B67DBB7A7661}.Release|Any CPU.Build.0 = Release|Any CPU
	EndGlobalSection
	GlobalSection(SolutionProperties) = preSolution
		HideSolutionNode = FALSE
	EndGlobalSection
	GlobalSection(ExtensibilityGlobals) = postSolution
		SolutionGuid = {BED865D8-7543-4F3D-81D5-F5BE6B4E781C}
	EndGlobalSection
EndGlobal
